// !$*UTF8*$!
{
	archiveVersion = 1;
	classes = {
	};
	objectVersion = 56;
	objects = {

/* Begin PBXBuildFile section */
		A32436D4C069D5E3507FAF1A /* Pods_AlifiOSTask.framework in Frameworks */ = {isa = PBXBuildFile; fileRef = EA3FA90A67465A398384FFA1 /* Pods_AlifiOSTask.framework */; };
		D3631ABD29EFE1C6009CB2FA /* AppDelegate.swift in Sources */ = {isa = PBXBuildFile; fileRef = D3631ABC29EFE1C6009CB2FA /* AppDelegate.swift */; };
		D3631ABF29EFE1C6009CB2FA /* SceneDelegate.swift in Sources */ = {isa = PBXBuildFile; fileRef = D3631ABE29EFE1C6009CB2FA /* SceneDelegate.swift */; };
		D3631AC629EFE1C7009CB2FA /* Assets.xcassets in Resources */ = {isa = PBXBuildFile; fileRef = D3631AC529EFE1C7009CB2FA /* Assets.xcassets */; };
		D3631AC929EFE1C7009CB2FA /* LaunchScreen.storyboard in Resources */ = {isa = PBXBuildFile; fileRef = D3631AC729EFE1C7009CB2FA /* LaunchScreen.storyboard */; };
		D3631AD429EFE71A009CB2FA /* ToDoListViewController.swift in Sources */ = {isa = PBXBuildFile; fileRef = D3631AD329EFE71A009CB2FA /* ToDoListViewController.swift */; };
		D3631AD629EFE73C009CB2FA /* ToDoListUIView.swift in Sources */ = {isa = PBXBuildFile; fileRef = D3631AD529EFE73C009CB2FA /* ToDoListUIView.swift */; };
		D3631AD929EFE863009CB2FA /* R.generated.swift in Sources */ = {isa = PBXBuildFile; fileRef = D3631AD829EFE863009CB2FA /* R.generated.swift */; };
		D3631ADB29EFE895009CB2FA /* Localizable.strings in Resources */ = {isa = PBXBuildFile; fileRef = D3631ADA29EFE895009CB2FA /* Localizable.strings */; };
		D3631ADE29EFEDF4009CB2FA /* ToDoTableViewCell.swift in Sources */ = {isa = PBXBuildFile; fileRef = D3631ADD29EFEDF4009CB2FA /* ToDoTableViewCell.swift */; };
		D3631AE129EFF35C009CB2FA /* Extensions.swift in Sources */ = {isa = PBXBuildFile; fileRef = D3631AE029EFF35C009CB2FA /* Extensions.swift */; };
		D3631AE429F0545A009CB2FA /* StorageManager.swift in Sources */ = {isa = PBXBuildFile; fileRef = D3631AE329F05459009CB2FA /* StorageManager.swift */; };
		D3631AEB29F055E7009CB2FA /* LoggedStatus.swift in Sources */ = {isa = PBXBuildFile; fileRef = D3631AEA29F055E7009CB2FA /* LoggedStatus.swift */; };
		D3631AED29F05AB8009CB2FA /* AuthUIView.swift in Sources */ = {isa = PBXBuildFile; fileRef = D3631AEC29F05AB8009CB2FA /* AuthUIView.swift */; };
		D3631AEF29F05ACC009CB2FA /* AuthViewController.swift in Sources */ = {isa = PBXBuildFile; fileRef = D3631AEE29F05ACC009CB2FA /* AuthViewController.swift */; };
		D3631AF229F05E96009CB2FA /* ProfileViewController.swift in Sources */ = {isa = PBXBuildFile; fileRef = D3631AF129F05E96009CB2FA /* ProfileViewController.swift */; };
		D3631AF429F05EA5009CB2FA /* ProfileUIView.swift in Sources */ = {isa = PBXBuildFile; fileRef = D3631AF329F05EA5009CB2FA /* ProfileUIView.swift */; };
		D3631AF729F060AF009CB2FA /* TabBarViewController.swift in Sources */ = {isa = PBXBuildFile; fileRef = D3631AF629F060AF009CB2FA /* TabBarViewController.swift */; };
		D3631AFA29F092E2009CB2FA /* User.swift in Sources */ = {isa = PBXBuildFile; fileRef = D3631AF929F092E2009CB2FA /* User.swift */; };
		D3631AFE29F096B6009CB2FA /* LoginService.swift in Sources */ = {isa = PBXBuildFile; fileRef = D3631AFD29F096B6009CB2FA /* LoginService.swift */; };
		D3631B0029F09726009CB2FA /* UserAuthorization.swift in Sources */ = {isa = PBXBuildFile; fileRef = D3631AFF29F09726009CB2FA /* UserAuthorization.swift */; };
		D3631B0229F09845009CB2FA /* CustomError.swift in Sources */ = {isa = PBXBuildFile; fileRef = D3631B0129F09845009CB2FA /* CustomError.swift */; };
		D3631B0429F09B1C009CB2FA /* AuthPresenter.swift in Sources */ = {isa = PBXBuildFile; fileRef = D3631B0329F09B1C009CB2FA /* AuthPresenter.swift */; };
/* End PBXBuildFile section */

/* Begin PBXFileReference section */
		5C740DB89493AB77EBDF5F5B /* Pods-AlifiOSTask.release.xcconfig */ = {isa = PBXFileReference; includeInIndex = 1; lastKnownFileType = text.xcconfig; name = "Pods-AlifiOSTask.release.xcconfig"; path = "Target Support Files/Pods-AlifiOSTask/Pods-AlifiOSTask.release.xcconfig"; sourceTree = "<group>"; };
		BED2B1B1EE1EF891B0C4D1E7 /* Pods-AlifiOSTask.debug.xcconfig */ = {isa = PBXFileReference; includeInIndex = 1; lastKnownFileType = text.xcconfig; name = "Pods-AlifiOSTask.debug.xcconfig"; path = "Target Support Files/Pods-AlifiOSTask/Pods-AlifiOSTask.debug.xcconfig"; sourceTree = "<group>"; };
		D3631AB929EFE1C6009CB2FA /* AlifiOSTask.app */ = {isa = PBXFileReference; explicitFileType = wrapper.application; includeInIndex = 0; path = AlifiOSTask.app; sourceTree = BUILT_PRODUCTS_DIR; };
		D3631ABC29EFE1C6009CB2FA /* AppDelegate.swift */ = {isa = PBXFileReference; lastKnownFileType = sourcecode.swift; path = AppDelegate.swift; sourceTree = "<group>"; };
		D3631ABE29EFE1C6009CB2FA /* SceneDelegate.swift */ = {isa = PBXFileReference; lastKnownFileType = sourcecode.swift; path = SceneDelegate.swift; sourceTree = "<group>"; };
		D3631AC529EFE1C7009CB2FA /* Assets.xcassets */ = {isa = PBXFileReference; lastKnownFileType = folder.assetcatalog; path = Assets.xcassets; sourceTree = "<group>"; };
		D3631AC829EFE1C7009CB2FA /* Base */ = {isa = PBXFileReference; lastKnownFileType = file.storyboard; name = Base; path = Base.lproj/LaunchScreen.storyboard; sourceTree = "<group>"; };
		D3631ACA29EFE1C7009CB2FA /* Info.plist */ = {isa = PBXFileReference; lastKnownFileType = text.plist.xml; path = Info.plist; sourceTree = "<group>"; };
		D3631AD329EFE71A009CB2FA /* ToDoListViewController.swift */ = {isa = PBXFileReference; lastKnownFileType = sourcecode.swift; path = ToDoListViewController.swift; sourceTree = "<group>"; };
		D3631AD529EFE73C009CB2FA /* ToDoListUIView.swift */ = {isa = PBXFileReference; lastKnownFileType = sourcecode.swift; path = ToDoListUIView.swift; sourceTree = "<group>"; };
		D3631AD829EFE863009CB2FA /* R.generated.swift */ = {isa = PBXFileReference; fileEncoding = 4; lastKnownFileType = sourcecode.swift; path = R.generated.swift; sourceTree = "<group>"; };
		D3631ADA29EFE895009CB2FA /* Localizable.strings */ = {isa = PBXFileReference; lastKnownFileType = text.plist.strings; path = Localizable.strings; sourceTree = "<group>"; };
		D3631ADD29EFEDF4009CB2FA /* ToDoTableViewCell.swift */ = {isa = PBXFileReference; lastKnownFileType = sourcecode.swift; path = ToDoTableViewCell.swift; sourceTree = "<group>"; };
		D3631AE029EFF35C009CB2FA /* Extensions.swift */ = {isa = PBXFileReference; lastKnownFileType = sourcecode.swift; path = Extensions.swift; sourceTree = "<group>"; };
		D3631AE329F05459009CB2FA /* StorageManager.swift */ = {isa = PBXFileReference; lastKnownFileType = sourcecode.swift; path = StorageManager.swift; sourceTree = "<group>"; };
		D3631AEA29F055E7009CB2FA /* LoggedStatus.swift */ = {isa = PBXFileReference; lastKnownFileType = sourcecode.swift; path = LoggedStatus.swift; sourceTree = "<group>"; };
		D3631AEC29F05AB8009CB2FA /* AuthUIView.swift */ = {isa = PBXFileReference; lastKnownFileType = sourcecode.swift; path = AuthUIView.swift; sourceTree = "<group>"; };
		D3631AEE29F05ACC009CB2FA /* AuthViewController.swift */ = {isa = PBXFileReference; lastKnownFileType = sourcecode.swift; path = AuthViewController.swift; sourceTree = "<group>"; };
		D3631AF129F05E96009CB2FA /* ProfileViewController.swift */ = {isa = PBXFileReference; lastKnownFileType = sourcecode.swift; path = ProfileViewController.swift; sourceTree = "<group>"; };
		D3631AF329F05EA5009CB2FA /* ProfileUIView.swift */ = {isa = PBXFileReference; lastKnownFileType = sourcecode.swift; path = ProfileUIView.swift; sourceTree = "<group>"; };
		D3631AF629F060AF009CB2FA /* TabBarViewController.swift */ = {isa = PBXFileReference; lastKnownFileType = sourcecode.swift; path = TabBarViewController.swift; sourceTree = "<group>"; };
		D3631AF929F092E2009CB2FA /* User.swift */ = {isa = PBXFileReference; lastKnownFileType = sourcecode.swift; path = User.swift; sourceTree = "<group>"; };
		D3631AFD29F096B6009CB2FA /* LoginService.swift */ = {isa = PBXFileReference; lastKnownFileType = sourcecode.swift; path = LoginService.swift; sourceTree = "<group>"; };
		D3631AFF29F09726009CB2FA /* UserAuthorization.swift */ = {isa = PBXFileReference; lastKnownFileType = sourcecode.swift; path = UserAuthorization.swift; sourceTree = "<group>"; };
		D3631B0129F09845009CB2FA /* CustomError.swift */ = {isa = PBXFileReference; lastKnownFileType = sourcecode.swift; path = CustomError.swift; sourceTree = "<group>"; };
		D3631B0329F09B1C009CB2FA /* AuthPresenter.swift */ = {isa = PBXFileReference; lastKnownFileType = sourcecode.swift; path = AuthPresenter.swift; sourceTree = "<group>"; };
		EA3FA90A67465A398384FFA1 /* Pods_AlifiOSTask.framework */ = {isa = PBXFileReference; explicitFileType = wrapper.framework; includeInIndex = 0; path = Pods_AlifiOSTask.framework; sourceTree = BUILT_PRODUCTS_DIR; };
/* End PBXFileReference section */

/* Begin PBXFrameworksBuildPhase section */
		D3631AB629EFE1C6009CB2FA /* Frameworks */ = {
			isa = PBXFrameworksBuildPhase;
			buildActionMask = 2147483647;
			files = (
				A32436D4C069D5E3507FAF1A /* Pods_AlifiOSTask.framework in Frameworks */,
			);
			runOnlyForDeploymentPostprocessing = 0;
		};
/* End PBXFrameworksBuildPhase section */

/* Begin PBXGroup section */
		0B1E5A86892D2A44104671A1 /* Frameworks */ = {
			isa = PBXGroup;
			children = (
				EA3FA90A67465A398384FFA1 /* Pods_AlifiOSTask.framework */,
			);
			name = Frameworks;
			sourceTree = "<group>";
		};
		6DCEB3C14CBB03275E0ACF68 /* Pods */ = {
			isa = PBXGroup;
			children = (
				BED2B1B1EE1EF891B0C4D1E7 /* Pods-AlifiOSTask.debug.xcconfig */,
				5C740DB89493AB77EBDF5F5B /* Pods-AlifiOSTask.release.xcconfig */,
			);
			path = Pods;
			sourceTree = "<group>";
		};
		D3631AB029EFE1C6009CB2FA = {
			isa = PBXGroup;
			children = (
				D3631ABB29EFE1C6009CB2FA /* AlifiOSTask */,
				D3631ABA29EFE1C6009CB2FA /* Products */,
				6DCEB3C14CBB03275E0ACF68 /* Pods */,
				0B1E5A86892D2A44104671A1 /* Frameworks */,
			);
			sourceTree = "<group>";
		};
		D3631ABA29EFE1C6009CB2FA /* Products */ = {
			isa = PBXGroup;
			children = (
				D3631AB929EFE1C6009CB2FA /* AlifiOSTask.app */,
			);
			name = Products;
			sourceTree = "<group>";
		};
		D3631ABB29EFE1C6009CB2FA /* AlifiOSTask */ = {
			isa = PBXGroup;
			children = (
				D3631AD029EFE277009CB2FA /* Common */,
				D3631AE229F05438009CB2FA /* Managers */,
				D3631AE829F055C7009CB2FA /* Auth */,
				D3631AF529F06084009CB2FA /* TabBar */,
				D3631AD229EFE6E5009CB2FA /* ToDoList */,
				D3631AF829F070FB009CB2FA /* AddNewToDo */,
				D3631AF029F05E48009CB2FA /* Profile */,
			);
			path = AlifiOSTask;
			sourceTree = "<group>";
		};
		D3631AD029EFE277009CB2FA /* Common */ = {
			isa = PBXGroup;
			children = (
				D3631ADF29EFF34E009CB2FA /* Utils */,
				D3631AD129EFE282009CB2FA /* Resources */,
				D3631ABC29EFE1C6009CB2FA /* AppDelegate.swift */,
				D3631ABE29EFE1C6009CB2FA /* SceneDelegate.swift */,
				D3631AC729EFE1C7009CB2FA /* LaunchScreen.storyboard */,
				D3631ACA29EFE1C7009CB2FA /* Info.plist */,
			);
			path = Common;
			sourceTree = "<group>";
		};
		D3631AD129EFE282009CB2FA /* Resources */ = {
			isa = PBXGroup;
			children = (
				D3631AC529EFE1C7009CB2FA /* Assets.xcassets */,
				D3631AD829EFE863009CB2FA /* R.generated.swift */,
				D3631ADA29EFE895009CB2FA /* Localizable.strings */,
			);
			path = Resources;
			sourceTree = "<group>";
		};
		D3631AD229EFE6E5009CB2FA /* ToDoList */ = {
			isa = PBXGroup;
			children = (
				D3631AE729F055B4009CB2FA /* Models */,
				D3631AE629F0556E009CB2FA /* Services */,
				D3631AE529F05555009CB2FA /* Domain */,
				D3631ADC29EFEDD6009CB2FA /* Cell */,
				D3631AD329EFE71A009CB2FA /* ToDoListViewController.swift */,
				D3631AD529EFE73C009CB2FA /* ToDoListUIView.swift */,
			);
			path = ToDoList;
			sourceTree = "<group>";
		};
		D3631ADC29EFEDD6009CB2FA /* Cell */ = {
			isa = PBXGroup;
			children = (
				D3631ADD29EFEDF4009CB2FA /* ToDoTableViewCell.swift */,
			);
			path = Cell;
			sourceTree = "<group>";
		};
		D3631ADF29EFF34E009CB2FA /* Utils */ = {
			isa = PBXGroup;
			children = (
				D3631AE029EFF35C009CB2FA /* Extensions.swift */,
				D3631B0129F09845009CB2FA /* CustomError.swift */,
			);
			path = Utils;
			sourceTree = "<group>";
		};
		D3631AE229F05438009CB2FA /* Managers */ = {
			isa = PBXGroup;
			children = (
				D3631AE329F05459009CB2FA /* StorageManager.swift */,
			);
			path = Managers;
			sourceTree = "<group>";
		};
		D3631AE529F05555009CB2FA /* Domain */ = {
			isa = PBXGroup;
			children = (
			);
			path = Domain;
			sourceTree = "<group>";
		};
		D3631AE629F0556E009CB2FA /* Services */ = {
			isa = PBXGroup;
			children = (
			);
			path = Services;
			sourceTree = "<group>";
		};
		D3631AE729F055B4009CB2FA /* Models */ = {
			isa = PBXGroup;
			children = (
			);
			path = Models;
			sourceTree = "<group>";
		};
		D3631AE829F055C7009CB2FA /* Auth */ = {
			isa = PBXGroup;
			children = (
				D3631AE929F055D3009CB2FA /* Model */,
				D3631AFC29F09650009CB2FA /* Services */,
				D3631AFB29F09648009CB2FA /* Domain */,
				D3631AEC29F05AB8009CB2FA /* AuthUIView.swift */,
				D3631AEE29F05ACC009CB2FA /* AuthViewController.swift */,
				D3631B0329F09B1C009CB2FA /* AuthPresenter.swift */,
			);
			path = Auth;
			sourceTree = "<group>";
		};
		D3631AE929F055D3009CB2FA /* Model */ = {
			isa = PBXGroup;
			children = (
				D3631AEA29F055E7009CB2FA /* LoggedStatus.swift */,
				D3631AF929F092E2009CB2FA /* User.swift */,
			);
			path = Model;
			sourceTree = "<group>";
		};
		D3631AF029F05E48009CB2FA /* Profile */ = {
			isa = PBXGroup;
			children = (
				D3631AF129F05E96009CB2FA /* ProfileViewController.swift */,
				D3631AF329F05EA5009CB2FA /* ProfileUIView.swift */,
			);
			path = Profile;
			sourceTree = "<group>";
		};
		D3631AF529F06084009CB2FA /* TabBar */ = {
			isa = PBXGroup;
			children = (
				D3631AF629F060AF009CB2FA /* TabBarViewController.swift */,
			);
			path = TabBar;
			sourceTree = "<group>";
		};
		D3631AF829F070FB009CB2FA /* AddNewToDo */ = {
			isa = PBXGroup;
			children = (
			);
			path = AddNewToDo;
			sourceTree = "<group>";
		};
		D3631AFB29F09648009CB2FA /* Domain */ = {
			isa = PBXGroup;
			children = (
				D3631AFF29F09726009CB2FA /* UserAuthorization.swift */,
			);
			path = Domain;
			sourceTree = "<group>";
		};
		D3631AFC29F09650009CB2FA /* Services */ = {
			isa = PBXGroup;
			children = (
				D3631AFD29F096B6009CB2FA /* LoginService.swift */,
			);
			path = Services;
			sourceTree = "<group>";
		};
/* End PBXGroup section */

/* Begin PBXNativeTarget section */
		D3631AB829EFE1C6009CB2FA /* AlifiOSTask */ = {
			isa = PBXNativeTarget;
			buildConfigurationList = D3631ACD29EFE1C7009CB2FA /* Build configuration list for PBXNativeTarget "AlifiOSTask" */;
			buildPhases = (
				67A85B59B6ED72343CCD129F /* [CP] Check Pods Manifest.lock */,
				D3631AD729EFE7AA009CB2FA /* R.swift script */,
				D3631AB529EFE1C6009CB2FA /* Sources */,
				D3631AB629EFE1C6009CB2FA /* Frameworks */,
				D3631AB729EFE1C6009CB2FA /* Resources */,
				2B9B28FB19AA71CC6A798E5C /* [CP] Embed Pods Frameworks */,
			);
			buildRules = (
			);
			dependencies = (
			);
			name = AlifiOSTask;
			productName = AlifiOSTask;
			productReference = D3631AB929EFE1C6009CB2FA /* AlifiOSTask.app */;
			productType = "com.apple.product-type.application";
		};
/* End PBXNativeTarget section */

/* Begin PBXProject section */
		D3631AB129EFE1C6009CB2FA /* Project object */ = {
			isa = PBXProject;
			attributes = {
				BuildIndependentTargetsInParallel = 1;
				LastSwiftUpdateCheck = 1430;
				LastUpgradeCheck = 1430;
				TargetAttributes = {
					D3631AB829EFE1C6009CB2FA = {
						CreatedOnToolsVersion = 14.3;
					};
				};
			};
			buildConfigurationList = D3631AB429EFE1C6009CB2FA /* Build configuration list for PBXProject "AlifiOSTask" */;
			compatibilityVersion = "Xcode 14.0";
			developmentRegion = en;
			hasScannedForEncodings = 0;
			knownRegions = (
				en,
				Base,
			);
			mainGroup = D3631AB029EFE1C6009CB2FA;
			productRefGroup = D3631ABA29EFE1C6009CB2FA /* Products */;
			projectDirPath = "";
			projectRoot = "";
			targets = (
				D3631AB829EFE1C6009CB2FA /* AlifiOSTask */,
			);
		};
/* End PBXProject section */

/* Begin PBXResourcesBuildPhase section */
		D3631AB729EFE1C6009CB2FA /* Resources */ = {
			isa = PBXResourcesBuildPhase;
			buildActionMask = 2147483647;
			files = (
				D3631AC929EFE1C7009CB2FA /* LaunchScreen.storyboard in Resources */,
				D3631ADB29EFE895009CB2FA /* Localizable.strings in Resources */,
				D3631AC629EFE1C7009CB2FA /* Assets.xcassets in Resources */,
			);
			runOnlyForDeploymentPostprocessing = 0;
		};
/* End PBXResourcesBuildPhase section */

/* Begin PBXShellScriptBuildPhase section */
		2B9B28FB19AA71CC6A798E5C /* [CP] Embed Pods Frameworks */ = {
			isa = PBXShellScriptBuildPhase;
			buildActionMask = 2147483647;
			files = (
			);
			inputFileListPaths = (
				"${PODS_ROOT}/Target Support Files/Pods-AlifiOSTask/Pods-AlifiOSTask-frameworks-${CONFIGURATION}-input-files.xcfilelist",
			);
			name = "[CP] Embed Pods Frameworks";
			outputFileListPaths = (
				"${PODS_ROOT}/Target Support Files/Pods-AlifiOSTask/Pods-AlifiOSTask-frameworks-${CONFIGURATION}-output-files.xcfilelist",
			);
			runOnlyForDeploymentPostprocessing = 0;
			shellPath = /bin/sh;
			shellScript = "\"${PODS_ROOT}/Target Support Files/Pods-AlifiOSTask/Pods-AlifiOSTask-frameworks.sh\"\n";
			showEnvVarsInLog = 0;
		};
		67A85B59B6ED72343CCD129F /* [CP] Check Pods Manifest.lock */ = {
			isa = PBXShellScriptBuildPhase;
			buildActionMask = 2147483647;
			files = (
			);
			inputFileListPaths = (
			);
			inputPaths = (
				"${PODS_PODFILE_DIR_PATH}/Podfile.lock",
				"${PODS_ROOT}/Manifest.lock",
			);
			name = "[CP] Check Pods Manifest.lock";
			outputFileListPaths = (
			);
			outputPaths = (
				"$(DERIVED_FILE_DIR)/Pods-AlifiOSTask-checkManifestLockResult.txt",
			);
			runOnlyForDeploymentPostprocessing = 0;
			shellPath = /bin/sh;
			shellScript = "diff \"${PODS_PODFILE_DIR_PATH}/Podfile.lock\" \"${PODS_ROOT}/Manifest.lock\" > /dev/null\nif [ $? != 0 ] ; then\n    # print error to STDERR\n    echo \"error: The sandbox is not in sync with the Podfile.lock. Run 'pod install' or update your CocoaPods installation.\" >&2\n    exit 1\nfi\n# This output is used by Xcode 'outputs' to avoid re-running this script phase.\necho \"SUCCESS\" > \"${SCRIPT_OUTPUT_FILE_0}\"\n";
			showEnvVarsInLog = 0;
		};
		D3631AD729EFE7AA009CB2FA /* R.swift script */ = {
			isa = PBXShellScriptBuildPhase;
			alwaysOutOfDate = 1;
			buildActionMask = 2147483647;
			files = (
			);
			inputFileListPaths = (
			);
			inputPaths = (
			);
			name = "R.swift script";
			outputFileListPaths = (
			);
			outputPaths = (
				$SRCROOT/AlifiOSTask/Common/Resources/R.generated.swift,
			);
			runOnlyForDeploymentPostprocessing = 0;
			shellPath = /bin/sh;
			shellScript = "# Type a script or drag a script file from your workspace to insert its path.\n\"$PODS_ROOT/R.swift/rswift\" generate \"$SRCROOT/AlifiOSTask/Common/Resources/R.generated.swift\"\n";
		};
/* End PBXShellScriptBuildPhase section */

/* Begin PBXSourcesBuildPhase section */
		D3631AB529EFE1C6009CB2FA /* Sources */ = {
			isa = PBXSourcesBuildPhase;
			buildActionMask = 2147483647;
			files = (
				D3631AEF29F05ACC009CB2FA /* AuthViewController.swift in Sources */,
				D3631B0429F09B1C009CB2FA /* AuthPresenter.swift in Sources */,
				D3631ABD29EFE1C6009CB2FA /* AppDelegate.swift in Sources */,
				D3631AD429EFE71A009CB2FA /* ToDoListViewController.swift in Sources */,
				D3631AD929EFE863009CB2FA /* R.generated.swift in Sources */,
				D3631AF729F060AF009CB2FA /* TabBarViewController.swift in Sources */,
				D3631B0229F09845009CB2FA /* CustomError.swift in Sources */,
				D3631AF429F05EA5009CB2FA /* ProfileUIView.swift in Sources */,
				D3631ADE29EFEDF4009CB2FA /* ToDoTableViewCell.swift in Sources */,
				D3631AFE29F096B6009CB2FA /* LoginService.swift in Sources */,
				D3631AED29F05AB8009CB2FA /* AuthUIView.swift in Sources */,
				D3631AFA29F092E2009CB2FA /* User.swift in Sources */,
				D3631AF229F05E96009CB2FA /* ProfileViewController.swift in Sources */,
				D3631B0029F09726009CB2FA /* UserAuthorization.swift in Sources */,
				D3631AEB29F055E7009CB2FA /* LoggedStatus.swift in Sources */,
				D3631AD629EFE73C009CB2FA /* ToDoListUIView.swift in Sources */,
				D3631ABF29EFE1C6009CB2FA /* SceneDelegate.swift in Sources */,
				D3631AE129EFF35C009CB2FA /* Extensions.swift in Sources */,
				D3631AE429F0545A009CB2FA /* StorageManager.swift in Sources */,
			);
			runOnlyForDeploymentPostprocessing = 0;
		};
/* End PBXSourcesBuildPhase section */

/* Begin PBXVariantGroup section */
		D3631AC729EFE1C7009CB2FA /* LaunchScreen.storyboard */ = {
			isa = PBXVariantGroup;
			children = (
				D3631AC829EFE1C7009CB2FA /* Base */,
			);
			name = LaunchScreen.storyboard;
			sourceTree = "<group>";
		};
/* End PBXVariantGroup section */

/* Begin XCBuildConfiguration section */
		D3631ACB29EFE1C7009CB2FA /* Debug */ = {
			isa = XCBuildConfiguration;
			buildSettings = {
				ALWAYS_SEARCH_USER_PATHS = NO;
				CLANG_ANALYZER_NONNULL = YES;
				CLANG_ANALYZER_NUMBER_OBJECT_CONVERSION = YES_AGGRESSIVE;
				CLANG_CXX_LANGUAGE_STANDARD = "gnu++20";
				CLANG_ENABLE_MODULES = YES;
				CLANG_ENABLE_OBJC_ARC = YES;
				CLANG_ENABLE_OBJC_WEAK = YES;
				CLANG_WARN_BLOCK_CAPTURE_AUTORELEASING = YES;
				CLANG_WARN_BOOL_CONVERSION = YES;
				CLANG_WARN_COMMA = YES;
				CLANG_WARN_CONSTANT_CONVERSION = YES;
				CLANG_WARN_DEPRECATED_OBJC_IMPLEMENTATIONS = YES;
				CLANG_WARN_DIRECT_OBJC_ISA_USAGE = YES_ERROR;
				CLANG_WARN_DOCUMENTATION_COMMENTS = YES;
				CLANG_WARN_EMPTY_BODY = YES;
				CLANG_WARN_ENUM_CONVERSION = YES;
				CLANG_WARN_INFINITE_RECURSION = YES;
				CLANG_WARN_INT_CONVERSION = YES;
				CLANG_WARN_NON_LITERAL_NULL_CONVERSION = YES;
				CLANG_WARN_OBJC_IMPLICIT_RETAIN_SELF = YES;
				CLANG_WARN_OBJC_LITERAL_CONVERSION = YES;
				CLANG_WARN_OBJC_ROOT_CLASS = YES_ERROR;
				CLANG_WARN_QUOTED_INCLUDE_IN_FRAMEWORK_HEADER = YES;
				CLANG_WARN_RANGE_LOOP_ANALYSIS = YES;
				CLANG_WARN_STRICT_PROTOTYPES = YES;
				CLANG_WARN_SUSPICIOUS_MOVE = YES;
				CLANG_WARN_UNGUARDED_AVAILABILITY = YES_AGGRESSIVE;
				CLANG_WARN_UNREACHABLE_CODE = YES;
				CLANG_WARN__DUPLICATE_METHOD_MATCH = YES;
				COPY_PHASE_STRIP = NO;
				DEBUG_INFORMATION_FORMAT = dwarf;
				ENABLE_STRICT_OBJC_MSGSEND = YES;
				ENABLE_TESTABILITY = YES;
				GCC_C_LANGUAGE_STANDARD = gnu11;
				GCC_DYNAMIC_NO_PIC = NO;
				GCC_NO_COMMON_BLOCKS = YES;
				GCC_OPTIMIZATION_LEVEL = 0;
				GCC_PREPROCESSOR_DEFINITIONS = (
					"DEBUG=1",
					"$(inherited)",
				);
				GCC_WARN_64_TO_32_BIT_CONVERSION = YES;
				GCC_WARN_ABOUT_RETURN_TYPE = YES_ERROR;
				GCC_WARN_UNDECLARED_SELECTOR = YES;
				GCC_WARN_UNINITIALIZED_AUTOS = YES_AGGRESSIVE;
				GCC_WARN_UNUSED_FUNCTION = YES;
				GCC_WARN_UNUSED_VARIABLE = YES;
				IPHONEOS_DEPLOYMENT_TARGET = 16.4;
				MTL_ENABLE_DEBUG_INFO = INCLUDE_SOURCE;
				MTL_FAST_MATH = YES;
				ONLY_ACTIVE_ARCH = YES;
				SDKROOT = iphoneos;
				SWIFT_ACTIVE_COMPILATION_CONDITIONS = DEBUG;
				SWIFT_OPTIMIZATION_LEVEL = "-Onone";
			};
			name = Debug;
		};
		D3631ACC29EFE1C7009CB2FA /* Release */ = {
			isa = XCBuildConfiguration;
			buildSettings = {
				ALWAYS_SEARCH_USER_PATHS = NO;
				CLANG_ANALYZER_NONNULL = YES;
				CLANG_ANALYZER_NUMBER_OBJECT_CONVERSION = YES_AGGRESSIVE;
				CLANG_CXX_LANGUAGE_STANDARD = "gnu++20";
				CLANG_ENABLE_MODULES = YES;
				CLANG_ENABLE_OBJC_ARC = YES;
				CLANG_ENABLE_OBJC_WEAK = YES;
				CLANG_WARN_BLOCK_CAPTURE_AUTORELEASING = YES;
				CLANG_WARN_BOOL_CONVERSION = YES;
				CLANG_WARN_COMMA = YES;
				CLANG_WARN_CONSTANT_CONVERSION = YES;
				CLANG_WARN_DEPRECATED_OBJC_IMPLEMENTATIONS = YES;
				CLANG_WARN_DIRECT_OBJC_ISA_USAGE = YES_ERROR;
				CLANG_WARN_DOCUMENTATION_COMMENTS = YES;
				CLANG_WARN_EMPTY_BODY = YES;
				CLANG_WARN_ENUM_CONVERSION = YES;
				CLANG_WARN_INFINITE_RECURSION = YES;
				CLANG_WARN_INT_CONVERSION = YES;
				CLANG_WARN_NON_LITERAL_NULL_CONVERSION = YES;
				CLANG_WARN_OBJC_IMPLICIT_RETAIN_SELF = YES;
				CLANG_WARN_OBJC_LITERAL_CONVERSION = YES;
				CLANG_WARN_OBJC_ROOT_CLASS = YES_ERROR;
				CLANG_WARN_QUOTED_INCLUDE_IN_FRAMEWORK_HEADER = YES;
				CLANG_WARN_RANGE_LOOP_ANALYSIS = YES;
				CLANG_WARN_STRICT_PROTOTYPES = YES;
				CLANG_WARN_SUSPICIOUS_MOVE = YES;
				CLANG_WARN_UNGUARDED_AVAILABILITY = YES_AGGRESSIVE;
				CLANG_WARN_UNREACHABLE_CODE = YES;
				CLANG_WARN__DUPLICATE_METHOD_MATCH = YES;
				COPY_PHASE_STRIP = NO;
				DEBUG_INFORMATION_FORMAT = "dwarf-with-dsym";
				ENABLE_NS_ASSERTIONS = NO;
				ENABLE_STRICT_OBJC_MSGSEND = YES;
				GCC_C_LANGUAGE_STANDARD = gnu11;
				GCC_NO_COMMON_BLOCKS = YES;
				GCC_WARN_64_TO_32_BIT_CONVERSION = YES;
				GCC_WARN_ABOUT_RETURN_TYPE = YES_ERROR;
				GCC_WARN_UNDECLARED_SELECTOR = YES;
				GCC_WARN_UNINITIALIZED_AUTOS = YES_AGGRESSIVE;
				GCC_WARN_UNUSED_FUNCTION = YES;
				GCC_WARN_UNUSED_VARIABLE = YES;
				IPHONEOS_DEPLOYMENT_TARGET = 16.4;
				MTL_ENABLE_DEBUG_INFO = NO;
				MTL_FAST_MATH = YES;
				SDKROOT = iphoneos;
				SWIFT_COMPILATION_MODE = wholemodule;
				SWIFT_OPTIMIZATION_LEVEL = "-O";
				VALIDATE_PRODUCT = YES;
			};
			name = Release;
		};
		D3631ACE29EFE1C7009CB2FA /* Debug */ = {
			isa = XCBuildConfiguration;
			baseConfigurationReference = BED2B1B1EE1EF891B0C4D1E7 /* Pods-AlifiOSTask.debug.xcconfig */;
			buildSettings = {
				ASSETCATALOG_COMPILER_APPICON_NAME = AppIcon;
				ASSETCATALOG_COMPILER_GLOBAL_ACCENT_COLOR_NAME = AccentColor;
				CODE_SIGN_STYLE = Automatic;
				CURRENT_PROJECT_VERSION = 1;
				DEVELOPMENT_TEAM = 95X368593A;
				GENERATE_INFOPLIST_FILE = YES;
				INFOPLIST_FILE = AlifiOSTask/Common/Info.plist;
				INFOPLIST_KEY_UIApplicationSupportsIndirectInputEvents = YES;
				INFOPLIST_KEY_UILaunchStoryboardName = LaunchScreen;
				INFOPLIST_KEY_UISupportedInterfaceOrientations_iPad = "UIInterfaceOrientationPortrait UIInterfaceOrientationPortraitUpsideDown UIInterfaceOrientationLandscapeLeft UIInterfaceOrientationLandscapeRight";
				INFOPLIST_KEY_UISupportedInterfaceOrientations_iPhone = "UIInterfaceOrientationPortrait UIInterfaceOrientationLandscapeLeft UIInterfaceOrientationLandscapeRight";
				IPHONEOS_DEPLOYMENT_TARGET = 14.0;
				LD_RUNPATH_SEARCH_PATHS = (
					"$(inherited)",
					"@executable_path/Frameworks",
				);
				MARKETING_VERSION = 1.0;
				PRODUCT_BUNDLE_IDENTIFIER = com.test.AlifiOSTask;
				PRODUCT_NAME = "$(TARGET_NAME)";
				SWIFT_EMIT_LOC_STRINGS = YES;
				SWIFT_VERSION = 5.0;
				TARGETED_DEVICE_FAMILY = "1,2";
			};
			name = Debug;
		};
		D3631ACF29EFE1C7009CB2FA /* Release */ = {
			isa = XCBuildConfiguration;
			baseConfigurationReference = 5C740DB89493AB77EBDF5F5B /* Pods-AlifiOSTask.release.xcconfig */;
			buildSettings = {
				ASSETCATALOG_COMPILER_APPICON_NAME = AppIcon;
				ASSETCATALOG_COMPILER_GLOBAL_ACCENT_COLOR_NAME = AccentColor;
				CODE_SIGN_STYLE = Automatic;
				CURRENT_PROJECT_VERSION = 1;
				DEVELOPMENT_TEAM = 95X368593A;
				GENERATE_INFOPLIST_FILE = YES;
				INFOPLIST_FILE = AlifiOSTask/Common/Info.plist;
				INFOPLIST_KEY_UIApplicationSupportsIndirectInputEvents = YES;
				INFOPLIST_KEY_UILaunchStoryboardName = LaunchScreen;
				INFOPLIST_KEY_UISupportedInterfaceOrientations_iPad = "UIInterfaceOrientationPortrait UIInterfaceOrientationPortraitUpsideDown UIInterfaceOrientationLandscapeLeft UIInterfaceOrientationLandscapeRight";
				INFOPLIST_KEY_UISupportedInterfaceOrientations_iPhone = "UIInterfaceOrientationPortrait UIInterfaceOrientationLandscapeLeft UIInterfaceOrientationLandscapeRight";
				IPHONEOS_DEPLOYMENT_TARGET = 14.0;
				LD_RUNPATH_SEARCH_PATHS = (
					"$(inherited)",
					"@executable_path/Frameworks",
				);
				MARKETING_VERSION = 1.0;
				PRODUCT_BUNDLE_IDENTIFIER = com.test.AlifiOSTask;
				PRODUCT_NAME = "$(TARGET_NAME)";
				SWIFT_EMIT_LOC_STRINGS = YES;
				SWIFT_VERSION = 5.0;
				TARGETED_DEVICE_FAMILY = "1,2";
			};
			name = Release;
		};
/* End XCBuildConfiguration section */

/* Begin XCConfigurationList section */
		D3631AB429EFE1C6009CB2FA /* Build configuration list for PBXProject "AlifiOSTask" */ = {
			isa = XCConfigurationList;
			buildConfigurations = (
				D3631ACB29EFE1C7009CB2FA /* Debug */,
				D3631ACC29EFE1C7009CB2FA /* Release */,
			);
			defaultConfigurationIsVisible = 0;
			defaultConfigurationName = Release;
		};
		D3631ACD29EFE1C7009CB2FA /* Build configuration list for PBXNativeTarget "AlifiOSTask" */ = {
			isa = XCConfigurationList;
			buildConfigurations = (
				D3631ACE29EFE1C7009CB2FA /* Debug */,
				D3631ACF29EFE1C7009CB2FA /* Release */,
			);
			defaultConfigurationIsVisible = 0;
			defaultConfigurationName = Release;
		};
/* End XCConfigurationList section */
	};
	rootObject = D3631AB129EFE1C6009CB2FA /* Project object */;
}
